// !$*UTF8*$!
{
	archiveVersion = 1;
	classes = {
	};
	objectVersion = 50;
	objects = {

/* Begin PBXBuildFile section */
		522B1098229F72FF006B2721 /* AppDelegate.m in Sources */ = {isa = PBXBuildFile; fileRef = 522B1097229F72FF006B2721 /* AppDelegate.m */; };
		522B109B229F72FF006B2721 /* ViewController.m in Sources */ = {isa = PBXBuildFile; fileRef = 522B109A229F72FF006B2721 /* ViewController.m */; };
		522B109E229F72FF006B2721 /* Main.storyboard in Resources */ = {isa = PBXBuildFile; fileRef = 522B109C229F72FF006B2721 /* Main.storyboard */; };
		522B10A0229F7300006B2721 /* Assets.xcassets in Resources */ = {isa = PBXBuildFile; fileRef = 522B109F229F7300006B2721 /* Assets.xcassets */; };
		522B10A3229F7300006B2721 /* LaunchScreen.storyboard in Resources */ = {isa = PBXBuildFile; fileRef = 522B10A1229F7300006B2721 /* LaunchScreen.storyboard */; };
		522B10A6229F7300006B2721 /* main.m in Sources */ = {isa = PBXBuildFile; fileRef = 522B10A5229F7300006B2721 /* main.m */; };
		52A26FC1229F808B000C47CB /* TZCard.m in Sources */ = {isa = PBXBuildFile; fileRef = 52A26FC0229F808B000C47CB /* TZCard.m */; };
		52A26FC4229FBD29000C47CB /* NSObject+KVC.m in Sources */ = {isa = PBXBuildFile; fileRef = 52A26FC3229FBD29000C47CB /* NSObject+KVC.m */; };
		52A26FC7229FC935000C47CB /* TZPerson.m in Sources */ = {isa = PBXBuildFile; fileRef = 52A26FC6229FC935000C47CB /* TZPerson.m */; };
/* End PBXBuildFile section */

/* Begin PBXFileReference section */
		522B1093229F72FF006B2721 /* KVCDemo.app */ = {isa = PBXFileReference; explicitFileType = wrapper.application; includeInIndex = 0; path = KVCDemo.app; sourceTree = BUILT_PRODUCTS_DIR; };
		522B1096229F72FF006B2721 /* AppDelegate.h */ = {isa = PBXFileReference; lastKnownFileType = sourcecode.c.h; path = AppDelegate.h; sourceTree = "<group>"; };
		522B1097229F72FF006B2721 /* AppDelegate.m */ = {isa = PBXFileReference; lastKnownFileType = sourcecode.c.objc; path = AppDelegate.m; sourceTree = "<group>"; };
		522B1099229F72FF006B2721 /* ViewController.h */ = {isa = PBXFileReference; lastKnownFileType = sourcecode.c.h; path = ViewController.h; sourceTree = "<group>"; };
		522B109A229F72FF006B2721 /* ViewController.m */ = {isa = PBXFileReference; lastKnownFileType = sourcecode.c.objc; path = ViewController.m; sourceTree = "<group>"; };
		522B109D229F72FF006B2721 /* Base */ = {isa = PBXFileReference; lastKnownFileType = file.storyboard; name = Base; path = Base.lproj/Main.storyboard; sourceTree = "<group>"; };
		522B109F229F7300006B2721 /* Assets.xcassets */ = {isa = PBXFileReference; lastKnownFileType = folder.assetcatalog; path = Assets.xcassets; sourceTree = "<group>"; };
		522B10A2229F7300006B2721 /* Base */ = {isa = PBXFileReference; lastKnownFileType = file.storyboard; name = Base; path = Base.lproj/LaunchScreen.storyboard; sourceTree = "<group>"; };
		522B10A4229F7300006B2721 /* Info.plist */ = {isa = PBXFileReference; lastKnownFileType = text.plist.xml; path = Info.plist; sourceTree = "<group>"; };
		522B10A5229F7300006B2721 /* main.m */ = {isa = PBXFileReference; lastKnownFileType = sourcecode.c.objc; path = main.m; sourceTree = "<group>"; };
		52A26FBE229F7B8C000C47CB /* README.md */ = {isa = PBXFileReference; lastKnownFileType = net.daringfireball.markdown; path = README.md; sourceTree = "<group>"; };
		52A26FBF229F808B000C47CB /* TZCard.h */ = {isa = PBXFileReference; lastKnownFileType = sourcecode.c.h; path = TZCard.h; sourceTree = "<group>"; };
		52A26FC0229F808B000C47CB /* TZCard.m */ = {isa = PBXFileReference; lastKnownFileType = sourcecode.c.objc; path = TZCard.m; sourceTree = "<group>"; };
		52A26FC2229FBD29000C47CB /* NSObject+KVC.h */ = {isa = PBXFileReference; lastKnownFileType = sourcecode.c.h; path = "NSObject+KVC.h"; sourceTree = "<group>"; };
		52A26FC3229FBD29000C47CB /* NSObject+KVC.m */ = {isa = PBXFileReference; lastKnownFileType = sourcecode.c.objc; path = "NSObject+KVC.m"; sourceTree = "<group>"; };
		52A26FC5229FC935000C47CB /* TZPerson.h */ = {isa = PBXFileReference; lastKnownFileType = sourcecode.c.h; path = TZPerson.h; sourceTree = "<group>"; };
		52A26FC6229FC935000C47CB /* TZPerson.m */ = {isa = PBXFileReference; lastKnownFileType = sourcecode.c.objc; path = TZPerson.m; sourceTree = "<group>"; };
/* End PBXFileReference section */

/* Begin PBXFrameworksBuildPhase section */
		522B1090229F72FF006B2721 /* Frameworks */ = {
			isa = PBXFrameworksBuildPhase;
			buildActionMask = 2147483647;
			files = (
			);
			runOnlyForDeploymentPostprocessing = 0;
		};
/* End PBXFrameworksBuildPhase section */

/* Begin PBXGroup section */
		522B108A229F72FF006B2721 = {
			isa = PBXGroup;
			children = (
				522B1095229F72FF006B2721 /* KVCDemo */,
				522B1094229F72FF006B2721 /* Products */,
				52A26FBE229F7B8C000C47CB /* README.md */,
			);
			sourceTree = "<group>";
		};
		522B1094229F72FF006B2721 /* Products */ = {
			isa = PBXGroup;
			children = (
				522B1093229F72FF006B2721 /* KVCDemo.app */,
			);
			name = Products;
			sourceTree = "<group>";
		};
		522B1095229F72FF006B2721 /* KVCDemo */ = {
			isa = PBXGroup;
			children = (
				522B1096229F72FF006B2721 /* AppDelegate.h */,
				522B1097229F72FF006B2721 /* AppDelegate.m */,
				522B1099229F72FF006B2721 /* ViewController.h */,
				522B109A229F72FF006B2721 /* ViewController.m */,
				52A26FBF229F808B000C47CB /* TZCard.h */,
				52A26FC0229F808B000C47CB /* TZCard.m */,
				52A26FC5229FC935000C47CB /* TZPerson.h */,
				52A26FC6229FC935000C47CB /* TZPerson.m */,
				52A26FC2229FBD29000C47CB /* NSObject+KVC.h */,
				52A26FC3229FBD29000C47CB /* NSObject+KVC.m */,
				522B109C229F72FF006B2721 /* Main.storyboard */,
				522B109F229F7300006B2721 /* Assets.xcassets */,
				522B10A1229F7300006B2721 /* LaunchScreen.storyboard */,
				522B10A4229F7300006B2721 /* Info.plist */,
				522B10A5229F7300006B2721 /* main.m */,
			);
			path = KVCDemo;
			sourceTree = "<group>";
		};
/* End PBXGroup section */

/* Begin PBXNativeTarget section */
		522B1092229F72FF006B2721 /* KVCDemo */ = {
			isa = PBXNativeTarget;
			buildConfigurationList = 522B10A9229F7300006B2721 /* Build configuration list for PBXNativeTarget "KVCDemo" */;
			buildPhases = (
				522B108F229F72FF006B2721 /* Sources */,
				522B1090229F72FF006B2721 /* Frameworks */,
				522B1091229F72FF006B2721 /* Resources */,
			);
			buildRules = (
			);
			dependencies = (
			);
			name = KVCDemo;
			productName = KVCDemo;
			productReference = 522B1093229F72FF006B2721 /* KVCDemo.app */;
			productType = "com.apple.product-type.application";
		};
/* End PBXNativeTarget section */

/* Begin PBXProject section */
		522B108B229F72FF006B2721 /* Project object */ = {
			isa = PBXProject;
			attributes = {
				LastUpgradeCheck = 1020;
				ORGANIZATIONNAME = "Tyrone Zhang";
				TargetAttributes = {
					522B1092229F72FF006B2721 = {
						CreatedOnToolsVersion = 10.2.1;
					};
				};
			};
			buildConfigurationList = 522B108E229F72FF006B2721 /* Build configuration list for PBXProject "KVCDemo" */;
			compatibilityVersion = "Xcode 9.3";
			developmentRegion = en;
			hasScannedForEncodings = 0;
			knownRegions = (
				en,
				Base,
			);
			mainGroup = 522B108A229F72FF006B2721;
			productRefGroup = 522B1094229F72FF006B2721 /* Products */;
			projectDirPath = "";
			projectRoot = "";
			targets = (
				522B1092229F72FF006B2721 /* KVCDemo */,
			);
		};
/* End PBXProject section */

/* Begin PBXResourcesBuildPhase section */
		522B1091229F72FF006B2721 /* Resources */ = {
			isa = PBXResourcesBuildPhase;
			buildActionMask = 2147483647;
			files = (
				522B10A3229F7300006B2721 /* LaunchScreen.storyboard in Resources */,
				522B10A0229F7300006B2721 /* Assets.xcassets in Resources */,
				522B109E229F72FF006B2721 /* Main.storyboard in Resources */,
			);
			runOnlyForDeploymentPostprocessing = 0;
		};
/* End PBXResourcesBuildPhase section */

/* Begin PBXSourcesBuildPhase section */
		522B108F229F72FF006B2721 /* Sources */ = {
			isa = PBXSourcesBuildPhase;
			buildActionMask = 2147483647;
			files = (
				522B109B229F72FF006B2721 /* ViewController.m in Sources */,
				522B10A6229F7300006B2721 /* main.m in Sources */,
				52A26FC4229FBD29000C47CB /* NSObject+KVC.m in Sources */,
				522B1098229F72FF006B2721 /* AppDelegate.m in Sources */,
				52A26FC7229FC935000C47CB /* TZPerson.m in Sources */,
				52A26FC1229F808B000C47CB /* TZCard.m in Sources */,
			);
			runOnlyForDeploymentPostprocessing = 0;
		};
/* End PBXSourcesBuildPhase section */

/* Begin PBXVariantGroup section */
		522B109C229F72FF006B2721 /* Main.storyboard */ = {
			isa = PBXVariantGroup;
			children = (
				522B109D229F72FF006B2721 /* Base */,
			);
			name = Main.storyboard;
			sourceTree = "<group>";
		};
		522B10A1229F7300006B2721 /* LaunchScreen.storyboard */ = {
			isa = PBXVariantGroup;
			children = (
				522B10A2229F7300006B2721 /* Base */,
			);
			name = LaunchScreen.storyboard;
			sourceTree = "<group>";
		};
/* End PBXVariantGroup section */

/* Begin XCBuildConfiguration section */
		522B10A7229F7300006B2721 /* Debug */ = {
			isa = XCBuildConfiguration;
			buildSettings = {
				ALWAYS_SEARCH_USER_PATHS = NO;
				CLANG_ANALYZER_NONNULL = YES;
				CLANG_ANALYZER_NUMBER_OBJECT_CONVERSION = YES_AGGRESSIVE;
				CLANG_CXX_LANGUAGE_STANDARD = "gnu++14";
				CLANG_CXX_LIBRARY = "libc++";
				CLANG_ENABLE_MODULES = YES;
				CLANG_ENABLE_OBJC_ARC = YES;
				CLANG_ENABLE_OBJC_WEAK = YES;
				CLANG_WARN_BLOCK_CAPTURE_AUTORELEASING = YES;
				CLANG_WARN_BOOL_CONVERSION = YES;
				CLANG_WARN_COMMA = YES;
				CLANG_WARN_CONSTANT_CONVERSION = YES;
				CLANG_WARN_DEPRECATED_OBJC_IMPLEMENTATIONS = YES;
				CLANG_WARN_DIRECT_OBJC_ISA_USAGE = YES_ERROR;
				CLANG_WARN_DOCUMENTATION_COMMENTS = YES;
				CLANG_WARN_EMPTY_BODY = YES;
				CLANG_WARN_ENUM_CONVERSION = YES;
				CLANG_WARN_INFINITE_RECURSION = YES;
				CLANG_WARN_INT_CONVERSION = YES;
				CLANG_WARN_NON_LITERAL_NULL_CONVERSION = YES;
				CLANG_WARN_OBJC_IMPLICIT_RETAIN_SELF = YES;
				CLANG_WARN_OBJC_LITERAL_CONVERSION = YES;
				CLANG_WARN_OBJC_ROOT_CLASS = YES_ERROR;
				CLANG_WARN_RANGE_LOOP_ANALYSIS = YES;
				CLANG_WARN_STRICT_PROTOTYPES = YES;
				CLANG_WARN_SUSPICIOUS_MOVE = YES;
				CLANG_WARN_UNGUARDED_AVAILABILITY = YES_AGGRESSIVE;
				CLANG_WARN_UNREACHABLE_CODE = YES;
				CLANG_WARN__DUPLICATE_METHOD_MATCH = YES;
				CODE_SIGN_IDENTITY = "iPhone Developer";
				COPY_PHASE_STRIP = NO;
				DEBUG_INFORMATION_FORMAT = dwarf;
				ENABLE_STRICT_OBJC_MSGSEND = YES;
				ENABLE_TESTABILITY = YES;
				GCC_C_LANGUAGE_STANDARD = gnu11;
				GCC_DYNAMIC_NO_PIC = NO;
				GCC_NO_COMMON_BLOCKS = YES;
				GCC_OPTIMIZATION_LEVEL = 0;
				GCC_PREPROCESSOR_DEFINITIONS = (
					"DEBUG=1",
					"$(inherited)",
				);
				GCC_WARN_64_TO_32_BIT_CONVERSION = YES;
				GCC_WARN_ABOUT_RETURN_TYPE = YES_ERROR;
				GCC_WARN_UNDECLARED_SELECTOR = YES;
				GCC_WARN_UNINITIALIZED_AUTOS = YES_AGGRESSIVE;
				GCC_WARN_UNUSED_FUNCTION = YES;
				GCC_WARN_UNUSED_VARIABLE = YES;
				IPHONEOS_DEPLOYMENT_TARGET = 12.2;
				MTL_ENABLE_DEBUG_INFO = INCLUDE_SOURCE;
				MTL_FAST_MATH = YES;
				ONLY_ACTIVE_ARCH = YES;
				SDKROOT = iphoneos;
			};
			name = Debug;
		};
		522B10A8229F7300006B2721 /* Release */ = {
			isa = XCBuildConfiguration;
			buildSettings = {
				ALWAYS_SEARCH_USER_PATHS = NO;
				CLANG_ANALYZER_NONNULL = YES;
				CLANG_ANALYZER_NUMBER_OBJECT_CONVERSION = YES_AGGRESSIVE;
				CLANG_CXX_LANGUAGE_STANDARD = "gnu++14";
				CLANG_CXX_LIBRARY = "libc++";
				CLANG_ENABLE_MODULES = YES;
				CLANG_ENABLE_OBJC_ARC = YES;
				CLANG_ENABLE_OBJC_WEAK = YES;
				CLANG_WARN_BLOCK_CAPTURE_AUTORELEASING = YES;
				CLANG_WARN_BOOL_CONVERSION = YES;
				CLANG_WARN_COMMA = YES;
				CLANG_WARN_CONSTANT_CONVERSION = YES;
				CLANG_WARN_DEPRECATED_OBJC_IMPLEMENTATIONS = YES;
				CLANG_WARN_DIRECT_OBJC_ISA_USAGE = YES_ERROR;
				CLANG_WARN_DOCUMENTATION_COMMENTS = YES;
				CLANG_WARN_EMPTY_BODY = YES;
				CLANG_WARN_ENUM_CONVERSION = YES;
				CLANG_WARN_INFINITE_RECURSION = YES;
				CLANG_WARN_INT_CONVERSION = YES;
				CLANG_WARN_NON_LITERAL_NULL_CONVERSION = YES;
				CLANG_WARN_OBJC_IMPLICIT_RETAIN_SELF = YES;
				CLANG_WARN_OBJC_LITERAL_CONVERSION = YES;
				CLANG_WARN_OBJC_ROOT_CLASS = YES_ERROR;
				CLANG_WARN_RANGE_LOOP_ANALYSIS = YES;
				CLANG_WARN_STRICT_PROTOTYPES = YES;
				CLANG_WARN_SUSPICIOUS_MOVE = YES;
				CLANG_WARN_UNGUARDED_AVAILABILITY = YES_AGGRESSIVE;
				CLANG_WARN_UNREACHABLE_CODE = YES;
				CLANG_WARN__DUPLICATE_METHOD_MATCH = YES;
				CODE_SIGN_IDENTITY = "iPhone Developer";
				COPY_PHASE_STRIP = NO;
				DEBUG_INFORMATION_FORMAT = "dwarf-with-dsym";
				ENABLE_NS_ASSERTIONS = NO;
				ENABLE_STRICT_OBJC_MSGSEND = YES;
				GCC_C_LANGUAGE_STANDARD = gnu11;
				GCC_NO_COMMON_BLOCKS = YES;
				GCC_WARN_64_TO_32_BIT_CONVERSION = YES;
				GCC_WARN_ABOUT_RETURN_TYPE = YES_ERROR;
				GCC_WARN_UNDECLARED_SELECTOR = YES;
				GCC_WARN_UNINITIALIZED_AUTOS = YES_AGGRESSIVE;
				GCC_WARN_UNUSED_FUNCTION = YES;
				GCC_WARN_UNUSED_VARIABLE = YES;
				IPHONEOS_DEPLOYMENT_TARGET = 12.2;
				MTL_ENABLE_DEBUG_INFO = NO;
				MTL_FAST_MATH = YES;
				SDKROOT = iphoneos;
				VALIDATE_PRODUCT = YES;
			};
			name = Release;
		};
		522B10AA229F7300006B2721 /* Debug */ = {
			isa = XCBuildConfiguration;
			buildSettings = {
				ASSETCATALOG_COMPILER_APPICON_NAME = AppIcon;
				CODE_SIGN_STYLE = Automatic;
				DEVELOPMENT_TEAM = Z9HQ27ZS5C;
				INFOPLIST_FILE = KVCDemo/Info.plist;
				LD_RUNPATH_SEARCH_PATHS = (
					"$(inherited)",
					"@executable_path/Frameworks",
				);
				PRODUCT_BUNDLE_IDENTIFIER = "-24247693.KVCDemo";
				PRODUCT_NAME = "$(TARGET_NAME)";
				TARGETED_DEVICE_FAMILY = "1,2";
			};
			name = Debug;
		};
		522B10AB229F7300006B2721 /* Release */ = {
			isa = XCBuildConfiguration;
			buildSettings = {
				ASSETCATALOG_COMPILER_APPICON_NAME = AppIcon;
				CODE_SIGN_STYLE = Automatic;
				DEVELOPMENT_TEAM = Z9HQ27ZS5C;
				INFOPLIST_FILE = KVCDemo/Info.plist;
				LD_RUNPATH_SEARCH_PATHS = (
					"$(inherited)",
					"@executable_path/Frameworks",
				);
				PRODUCT_BUNDLE_IDENTIFIER = "-24247693.KVCDemo";
				PRODUCT_NAME = "$(TARGET_NAME)";
				TARGETED_DEVICE_FAMILY = "1,2";
			};
			name = Release;
		};
/* End XCBuildConfiguration section */

/* Begin XCConfigurationList section */
		522B108E229F72FF006B2721 /* Build configuration list for PBXProject "KVCDemo" */ = {
			isa = XCConfigurationList;
			buildConfigurations = (
				522B10A7229F7300006B2721 /* Debug */,
				522B10A8229F7300006B2721 /* Release */,
			);
			defaultConfigurationIsVisible = 0;
			defaultConfigurationName = Release;
		};
		522B10A9229F7300006B2721 /* Build configuration list for PBXNativeTarget "KVCDemo" */ = {
			isa = XCConfigurationList;
			buildConfigurations = (
				522B10AA229F7300006B2721 /* Debug */,
				522B10AB229F7300006B2721 /* Release */,
			);
			defaultConfigurationIsVisible = 0;
			defaultConfigurationName = Release;
		};
/* End XCConfigurationList section */
	};
	rootObject = 522B108B229F72FF006B2721 /* Project object */;
}
